Microsoft Visual Studio Solution File, Format Version 12.00
# Visual Studio Version 17
VisualStudioVersion = 17.0.31903.59
MinimumVisualStudioVersion = 10.0.40219.1
Project("{9A19103F-16F7-4668-BE54-9A1E7A4F7556}") = "diSerial.Core", "src\diSerial.Core\diSerial.Core.csproj", "{94B8D7A6-79C6-5DC2-2023-6B90A036A3D1}"
EndProject
Project("{9A19103F-16F7-4668-BE54-9A1E7A4F7556}") = "diSerial.Infrastructure", "src\diSerial.Infrastructure\diSerial.Infrastructure.csproj", "{2247DD52-49CA-55C6-C10E-00C8425033F9}"
EndProject
Project("{9A19103F-16F7-4668-BE54-9A1E7A4F7556}") = "diSerial.App", "src\diSerial.App\diSerial.App.csproj", "{EFB99FB3-0D6E-88A5-4135-F9208B7A145C}"
EndProject
Global
	GlobalSection(SolutionConfigurationPlatforms) = preSolution
		Debug|Any CPU = Debug|Any CPU
		Release|Any CPU = Release|Any CPU
	EndGlobalSection
	GlobalSection(ProjectConfigurationPlatforms) = postSolution
		{94B8D7A6-79C6-5DC2-2023-6B90A036A3D1}.Debug|Any CPU.ActiveCfg = Debug|Any CPU
		{94B8D7A6-79C6-5DC2-2023-6B90A036A3D1}.Debug|Any CPU.Build.0 = Debug|Any CPU
		{94B8D7A6-79C6-5DC2-2023-6B90A036A3D1}.Release|Any CPU.ActiveCfg = Release|Any CPU
		{94B8D7A6-79C6-5DC2-2023-6B90A036A3D1}.Release|Any CPU.Build.0 = Release|Any CPU
		{2247DD52-49CA-55C6-C10E-00C8425033F9}.Debug|Any CPU.ActiveCfg = Debug|Any CPU
		{2247DD52-49CA-55C6-C10E-00C8425033F9}.Debug|Any CPU.Build.0 = Debug|Any CPU
		{2247DD52-49CA-55C6-C10E-00C8425033F9}.Release|Any CPU.ActiveCfg = Release|Any CPU
		{2247DD52-49CA-55C6-C10E-00C8425033F9}.Release|Any CPU.Build.0 = Release|Any CPU
		{EFB99FB3-0D6E-88A5-4135-F9208B7A145C}.Debug|Any CPU.ActiveCfg = Debug|Any CPU
		{EFB99FB3-0D6E-88A5-4135-F9208B7A145C}.Debug|Any CPU.Build.0 = Debug|Any CPU
		{EFB99FB3-0D6E-88A5-4135-F9208B7A145C}.Release|Any CPU.ActiveCfg = Release|Any CPU
		{EFB99FB3-0D6E-88A5-4135-F9208B7A145C}.Release|Any CPU.Build.0 = Release|Any CPU
	EndGlobalSection
	GlobalSection(SolutionProperties) = preSolution
		HideSolutionNode = FALSE
	EndGlobalSection
EndGlobal
